
Microsoft Visual Studio Solution File, Format Version 12.00
# Visual Studio Version 16
VisualStudioVersion = 16.0.30907.101
MinimumVisualStudioVersion = 10.0.40219.1
Project("{FAE04EC0-301F-11D3-BF4B-00C04F79EFBC}") = "MiniProject_2.2", "MiniProject_2.2\MiniProject_2.2.csproj", "{809F1E32-9F54-4D54-A29B-DCB57A438BF2}"
EndProject
Project("{FAE04EC0-301F-11D3-BF4B-00C04F79EFBC}") = "Day027-2", "..\Day027\Day027-2\Day027-2.csproj", "{A149D949-58A8-4CDF-A168-BBFF316DA53D}"
EndProject
Project("{FAE04EC0-301F-11D3-BF4B-00C04F79EFBC}") = "Day027-1", "..\Day027\Day027-1\Day027-1.csproj", "{2F1BDEC3-3A0D-4FED-8F90-D2AAF359977A}"
EndProject
Global
	GlobalSection(SolutionConfigurationPlatforms) = preSolution
		Debug|Any CPU = Debug|Any CPU
		Release|Any CPU = Release|Any CPU
	EndGlobalSection
	GlobalSection(ProjectConfigurationPlatforms) = postSolution
		{809F1E32-9F54-4D54-A29B-DCB57A438BF2}.Debug|Any CPU.ActiveCfg = Debug|Any CPU
		{809F1E32-9F54-4D54-A29B-DCB57A438BF2}.Debug|Any CPU.Build.0 = Debug|Any CPU
		{809F1E32-9F54-4D54-A29B-DCB57A438BF2}.Release|Any CPU.ActiveCfg = Release|Any CPU
		{809F1E32-9F54-4D54-A29B-DCB57A438BF2}.Release|Any CPU.Build.0 = Release|Any CPU
		{A149D949-58A8-4CDF-A168-BBFF316DA53D}.Debug|Any CPU.ActiveCfg = Debug|Any CPU
		{A149D949-58A8-4CDF-A168-BBFF316DA53D}.Debug|Any CPU.Build.0 = Debug|Any CPU
		{A149D949-58A8-4CDF-A168-BBFF316DA53D}.Release|Any CPU.ActiveCfg = Release|Any CPU
		{A149D949-58A8-4CDF-A168-BBFF316DA53D}.Release|Any CPU.Build.0 = Release|Any CPU
		{2F1BDEC3-3A0D-4FED-8F90-D2AAF359977A}.Debug|Any CPU.ActiveCfg = Debug|Any CPU
		{2F1BDEC3-3A0D-4FED-8F90-D2AAF359977A}.Debug|Any CPU.Build.0 = Debug|Any CPU
		{2F1BDEC3-3A0D-4FED-8F90-D2AAF359977A}.Release|Any CPU.ActiveCfg = Release|Any CPU
		{2F1BDEC3-3A0D-4FED-8F90-D2AAF359977A}.Release|Any CPU.Build.0 = Release|Any CPU
	EndGlobalSection
	GlobalSection(SolutionProperties) = preSolution
		HideSolutionNode = FALSE
	EndGlobalSection
	GlobalSection(ExtensibilityGlobals) = postSolution
		SolutionGuid = {221C0B0F-4799-4B27-9B93-90AF910E25C5}
	EndGlobalSection
EndGlobal
